PODS:
  - DACircularProgress (2.3.1)
  - DeviceUtil (2.1.2)
  - Expecta (1.0.6)
  - Expecta+Snapshots (3.1.1):
    - Expecta (~> 1.0)
    - FBSnapshotTestCase/Core (~> 2.0)
    - Specta (~> 1.0)
  - FBSnapshotTestCase (2.1.4):
    - FBSnapshotTestCase/SwiftSupport (= 2.1.4)
  - FBSnapshotTestCase/Core (2.1.4)
  - FBSnapshotTestCase/SwiftSupport (2.1.4):
    - FBSnapshotTestCase/Core
  - Masonry (1.1.0)
  - MBProgressHUD (1.0.0)
  - MWPhotoBrowser (2.2.0):
    - DACircularProgress
    - DeviceUtil
    - Masonry
    - MBProgressHUD
    - SDWebImage
  - SDWebImage (4.2.2):
    - SDWebImage/Core (= 4.2.2)
  - SDWebImage/Core (4.2.2)
  - Specta (1.0.6)

DEPENDENCIES:
  - Expecta
  - Expecta+Snapshots
  - FBSnapshotTestCase
  - MWPhotoBrowser (from `../`)
  - SDWebImage (= 4.2.2)
  - Specta

EXTERNAL SOURCES:
  MWPhotoBrowser:
    :path: ../

SPEC CHECKSUMS:
  DACircularProgress: 4dd437c0fc3da5161cb289e07ac449493d41db71
  DeviceUtil: 8a0334404594ba8e3f7fa01caf48cc95b0427333
  Expecta: 3b6bd90a64b9a1dcb0b70aa0e10a7f8f631667d5
  Expecta+Snapshots: dcff217eef506dabd6dfdc7864ea2da321fafbb8
  FBSnapshotTestCase: 094f9f314decbabe373b87cc339bea235a63e07a
  Masonry: 678fab65091a9290e40e2832a55e7ab731aad201
  MBProgressHUD: 4890f671c94e8a0f3cf959aa731e9de2f036d71a
  MWPhotoBrowser: c93a0fd151a8ff6a96b2c905f3a0b55248131e66
  SDWebImage: 89a9d32cd520bbb46eb14e541d5109b3564af198
  Specta: f506f3a8361de16bc0dcf3b17b75e269072ba465

PODFILE CHECKSUM: 2662cea17507c6cf7e33097ae4ec92a526e928b0

COCOAPODS: 1.3.1
